// !$*UTF8*$!
{
	archiveVersion = 1;
	classes = {
	};
	objectVersion = 46;
	objects = {

/* Begin PBXBuildFile section */
		02151E0E1D25B4670003C4E5 /* AppDelegate.swift in Sources */ = {isa = PBXBuildFile; fileRef = 02151E0D1D25B4670003C4E5 /* AppDelegate.swift */; };
		02151E121D25B4670003C4E5 /* GameScene.swift in Sources */ = {isa = PBXBuildFile; fileRef = 02151E111D25B4670003C4E5 /* GameScene.swift */; };
		02151E141D25B4670003C4E5 /* GameViewController.swift in Sources */ = {isa = PBXBuildFile; fileRef = 02151E131D25B4670003C4E5 /* GameViewController.swift */; };
		02151E171D25B4670003C4E5 /* Main.storyboard in Resources */ = {isa = PBXBuildFile; fileRef = 02151E151D25B4670003C4E5 /* Main.storyboard */; };
		02151E191D25B4670003C4E5 /* Assets.xcassets in Resources */ = {isa = PBXBuildFile; fileRef = 02151E181D25B4670003C4E5 /* Assets.xcassets */; };
		02151E1C1D25B4670003C4E5 /* LaunchScreen.storyboard in Resources */ = {isa = PBXBuildFile; fileRef = 02151E1A1D25B4670003C4E5 /* LaunchScreen.storyboard */; };
		02151E271D25B4670003C4E5 /* SokobanTests.swift in Sources */ = {isa = PBXBuildFile; fileRef = 02151E261D25B4670003C4E5 /* SokobanTests.swift */; };
		02151E371D25B6B10003C4E5 /* Hero.swift in Sources */ = {isa = PBXBuildFile; fileRef = 02151E361D25B6B10003C4E5 /* Hero.swift */; };
		024B23371D283F5D00C6435E /* PathFinder.swift in Sources */ = {isa = PBXBuildFile; fileRef = 024B23361D283F5D00C6435E /* PathFinder.swift */; };
		0263C46F1D2984D4007636A8 /* HeroMovementTransition.swift in Sources */ = {isa = PBXBuildFile; fileRef = 0263C46E1D2984D4007636A8 /* HeroMovementTransition.swift */; };
		0263C4711D29850A007636A8 /* BoxStateTransition.swift in Sources */ = {isa = PBXBuildFile; fileRef = 0263C4701D29850A007636A8 /* BoxStateTransition.swift */; };
		0263C4731D29853C007636A8 /* TransitionContext.swift in Sources */ = {isa = PBXBuildFile; fileRef = 0263C4721D29853C007636A8 /* TransitionContext.swift */; };
		0263C4751D29855E007636A8 /* ChainedTransition.swift in Sources */ = {isa = PBXBuildFile; fileRef = 0263C4741D29855E007636A8 /* ChainedTransition.swift */; };
		0263C4791D2985C0007636A8 /* UndoStack.swift in Sources */ = {isa = PBXBuildFile; fileRef = 0263C4781D2985C0007636A8 /* UndoStack.swift */; };
		0263C47B1D2985D4007636A8 /* Direction.swift in Sources */ = {isa = PBXBuildFile; fileRef = 0263C47A1D2985D4007636A8 /* Direction.swift */; };
		0263C47D1D2985F9007636A8 /* GridType.swift in Sources */ = {isa = PBXBuildFile; fileRef = 0263C47C1D2985F9007636A8 /* GridType.swift */; };
		0263C47F1D298612007636A8 /* Field.swift in Sources */ = {isa = PBXBuildFile; fileRef = 0263C47E1D298612007636A8 /* Field.swift */; };
		0263C4811D298624007636A8 /* BoxState.swift in Sources */ = {isa = PBXBuildFile; fileRef = 0263C4801D298624007636A8 /* BoxState.swift */; };
		0263C4831D29865D007636A8 /* PushBoxTransition.swift in Sources */ = {isa = PBXBuildFile; fileRef = 0263C4821D29865D007636A8 /* PushBoxTransition.swift */; };
		0263C4851D29868B007636A8 /* HeroMovementAction.swift in Sources */ = {isa = PBXBuildFile; fileRef = 0263C4841D29868B007636A8 /* HeroMovementAction.swift */; };
		0263C4871D298697007636A8 /* PushBoxAction.swift in Sources */ = {isa = PBXBuildFile; fileRef = 0263C4861D298697007636A8 /* PushBoxAction.swift */; };
		0263C48A1D2986F3007636A8 /* LevelDataToBoardAdapter.swift in Sources */ = {isa = PBXBuildFile; fileRef = 0263C4891D2986F3007636A8 /* LevelDataToBoardAdapter.swift */; };
		0263C48C1D29870B007636A8 /* JSONToLevelDataAdapter.swift in Sources */ = {isa = PBXBuildFile; fileRef = 0263C48B1D29870B007636A8 /* JSONToLevelDataAdapter.swift */; };
		0263C48E1D29873E007636A8 /* BoardToNodeAdapter.swift in Sources */ = {isa = PBXBuildFile; fileRef = 0263C48D1D29873E007636A8 /* BoardToNodeAdapter.swift */; };
		02759BA11D26E64000D223C9 /* Transition.swift in Sources */ = {isa = PBXBuildFile; fileRef = 02759BA01D26E64000D223C9 /* Transition.swift */; };
		02759BA31D26E68B00D223C9 /* Board.swift in Sources */ = {isa = PBXBuildFile; fileRef = 02759BA21D26E68B00D223C9 /* Board.swift */; };
		02759BA51D26E6A600D223C9 /* Action.swift in Sources */ = {isa = PBXBuildFile; fileRef = 02759BA41D26E6A600D223C9 /* Action.swift */; };
		02759BA71D26E6F500D223C9 /* CollectionTypeExtensions.swift in Sources */ = {isa = PBXBuildFile; fileRef = 02759BA61D26E6F500D223C9 /* CollectionTypeExtensions.swift */; };
		02759BA91D26E7A700D223C9 /* GridPoint.swift in Sources */ = {isa = PBXBuildFile; fileRef = 02759BA81D26E7A700D223C9 /* GridPoint.swift */; };
		02759BAB1D26EB2700D223C9 /* Adapter.swift in Sources */ = {isa = PBXBuildFile; fileRef = 02759BAA1D26EB2700D223C9 /* Adapter.swift */; };
		02759BAD1D27013200D223C9 /* LevelData.swift in Sources */ = {isa = PBXBuildFile; fileRef = 02759BAC1D27013200D223C9 /* LevelData.swift */; };
		02D4A3011D27092000A319B4 /* level.json in Resources */ = {isa = PBXBuildFile; fileRef = 02D4A3001D27092000A319B4 /* level.json */; };
/* End PBXBuildFile section */

/* Begin PBXContainerItemProxy section */
		02151E231D25B4670003C4E5 /* PBXContainerItemProxy */ = {
			isa = PBXContainerItemProxy;
			containerPortal = 02151E021D25B4670003C4E5 /* Project object */;
			proxyType = 1;
			remoteGlobalIDString = 02151E091D25B4670003C4E5;
			remoteInfo = Sokoban;
		};
/* End PBXContainerItemProxy section */

/* Begin PBXFileReference section */
		02151E0A1D25B4670003C4E5 /* Sokoban.app */ = {isa = PBXFileReference; explicitFileType = wrapper.application; includeInIndex = 0; path = Sokoban.app; sourceTree = BUILT_PRODUCTS_DIR; };
		02151E0D1D25B4670003C4E5 /* AppDelegate.swift */ = {isa = PBXFileReference; lastKnownFileType = sourcecode.swift; path = AppDelegate.swift; sourceTree = "<group>"; };
		02151E111D25B4670003C4E5 /* GameScene.swift */ = {isa = PBXFileReference; lastKnownFileType = sourcecode.swift; path = GameScene.swift; sourceTree = "<group>"; };
		02151E131D25B4670003C4E5 /* GameViewController.swift */ = {isa = PBXFileReference; lastKnownFileType = sourcecode.swift; path = GameViewController.swift; sourceTree = "<group>"; };
		02151E161D25B4670003C4E5 /* Base */ = {isa = PBXFileReference; lastKnownFileType = file.storyboard; name = Base; path = Base.lproj/Main.storyboard; sourceTree = "<group>"; };
		02151E181D25B4670003C4E5 /* Assets.xcassets */ = {isa = PBXFileReference; lastKnownFileType = folder.assetcatalog; path = Assets.xcassets; sourceTree = "<group>"; };
		02151E1B1D25B4670003C4E5 /* Base */ = {isa = PBXFileReference; lastKnownFileType = file.storyboard; name = Base; path = Base.lproj/LaunchScreen.storyboard; sourceTree = "<group>"; };
		02151E1D1D25B4670003C4E5 /* Info.plist */ = {isa = PBXFileReference; lastKnownFileType = text.plist.xml; path = Info.plist; sourceTree = "<group>"; };
		02151E221D25B4670003C4E5 /* SokobanTests.xctest */ = {isa = PBXFileReference; explicitFileType = wrapper.cfbundle; includeInIndex = 0; path = SokobanTests.xctest; sourceTree = BUILT_PRODUCTS_DIR; };
		02151E261D25B4670003C4E5 /* SokobanTests.swift */ = {isa = PBXFileReference; lastKnownFileType = sourcecode.swift; path = SokobanTests.swift; sourceTree = "<group>"; };
		02151E281D25B4670003C4E5 /* Info.plist */ = {isa = PBXFileReference; lastKnownFileType = text.plist.xml; path = Info.plist; sourceTree = "<group>"; };
		02151E361D25B6B10003C4E5 /* Hero.swift */ = {isa = PBXFileReference; fileEncoding = 4; lastKnownFileType = sourcecode.swift; path = Hero.swift; sourceTree = "<group>"; };
		024B23361D283F5D00C6435E /* PathFinder.swift */ = {isa = PBXFileReference; fileEncoding = 4; lastKnownFileType = sourcecode.swift; path = PathFinder.swift; sourceTree = "<group>"; };
		0263C46E1D2984D4007636A8 /* HeroMovementTransition.swift */ = {isa = PBXFileReference; fileEncoding = 4; lastKnownFileType = sourcecode.swift; path = HeroMovementTransition.swift; sourceTree = "<group>"; };
		0263C4701D29850A007636A8 /* BoxStateTransition.swift */ = {isa = PBXFileReference; fileEncoding = 4; lastKnownFileType = sourcecode.swift; path = BoxStateTransition.swift; sourceTree = "<group>"; };
		0263C4721D29853C007636A8 /* TransitionContext.swift */ = {isa = PBXFileReference; fileEncoding = 4; lastKnownFileType = sourcecode.swift; path = TransitionContext.swift; sourceTree = "<group>"; };
		0263C4741D29855E007636A8 /* ChainedTransition.swift */ = {isa = PBXFileReference; fileEncoding = 4; lastKnownFileType = sourcecode.swift; path = ChainedTransition.swift; sourceTree = "<group>"; };
		0263C4781D2985C0007636A8 /* UndoStack.swift */ = {isa = PBXFileReference; fileEncoding = 4; lastKnownFileType = sourcecode.swift; path = UndoStack.swift; sourceTree = "<group>"; };
		0263C47A1D2985D4007636A8 /* Direction.swift */ = {isa = PBXFileReference; fileEncoding = 4; lastKnownFileType = sourcecode.swift; path = Direction.swift; sourceTree = "<group>"; };
		0263C47C1D2985F9007636A8 /* GridType.swift */ = {isa = PBXFileReference; fileEncoding = 4; lastKnownFileType = sourcecode.swift; path = GridType.swift; sourceTree = "<group>"; };
		0263C47E1D298612007636A8 /* Field.swift */ = {isa = PBXFileReference; fileEncoding = 4; lastKnownFileType = sourcecode.swift; path = Field.swift; sourceTree = "<group>"; };
		0263C4801D298624007636A8 /* BoxState.swift */ = {isa = PBXFileReference; fileEncoding = 4; lastKnownFileType = sourcecode.swift; path = BoxState.swift; sourceTree = "<group>"; };
		0263C4821D29865D007636A8 /* PushBoxTransition.swift */ = {isa = PBXFileReference; fileEncoding = 4; lastKnownFileType = sourcecode.swift; path = PushBoxTransition.swift; sourceTree = "<group>"; };
		0263C4841D29868B007636A8 /* HeroMovementAction.swift */ = {isa = PBXFileReference; fileEncoding = 4; lastKnownFileType = sourcecode.swift; path = HeroMovementAction.swift; sourceTree = "<group>"; };
		0263C4861D298697007636A8 /* PushBoxAction.swift */ = {isa = PBXFileReference; fileEncoding = 4; lastKnownFileType = sourcecode.swift; path = PushBoxAction.swift; sourceTree = "<group>"; };
		0263C4891D2986F3007636A8 /* LevelDataToBoardAdapter.swift */ = {isa = PBXFileReference; fileEncoding = 4; lastKnownFileType = sourcecode.swift; path = LevelDataToBoardAdapter.swift; sourceTree = "<group>"; };
		0263C48B1D29870B007636A8 /* JSONToLevelDataAdapter.swift */ = {isa = PBXFileReference; fileEncoding = 4; lastKnownFileType = sourcecode.swift; path = JSONToLevelDataAdapter.swift; sourceTree = "<group>"; };
		0263C48D1D29873E007636A8 /* BoardToNodeAdapter.swift */ = {isa = PBXFileReference; fileEncoding = 4; lastKnownFileType = sourcecode.swift; path = BoardToNodeAdapter.swift; sourceTree = "<group>"; };
		02759BA01D26E64000D223C9 /* Transition.swift */ = {isa = PBXFileReference; fileEncoding = 4; lastKnownFileType = sourcecode.swift; path = Transition.swift; sourceTree = "<group>"; };
		02759BA21D26E68B00D223C9 /* Board.swift */ = {isa = PBXFileReference; fileEncoding = 4; lastKnownFileType = sourcecode.swift; path = Board.swift; sourceTree = "<group>"; };
		02759BA41D26E6A600D223C9 /* Action.swift */ = {isa = PBXFileReference; fileEncoding = 4; lastKnownFileType = sourcecode.swift; path = Action.swift; sourceTree = "<group>"; };
		02759BA61D26E6F500D223C9 /* CollectionTypeExtensions.swift */ = {isa = PBXFileReference; fileEncoding = 4; lastKnownFileType = sourcecode.swift; path = CollectionTypeExtensions.swift; sourceTree = "<group>"; };
		02759BA81D26E7A700D223C9 /* GridPoint.swift */ = {isa = PBXFileReference; fileEncoding = 4; lastKnownFileType = sourcecode.swift; path = GridPoint.swift; sourceTree = "<group>"; };
		02759BAA1D26EB2700D223C9 /* Adapter.swift */ = {isa = PBXFileReference; fileEncoding = 4; lastKnownFileType = sourcecode.swift; path = Adapter.swift; sourceTree = "<group>"; };
		02759BAC1D27013200D223C9 /* LevelData.swift */ = {isa = PBXFileReference; fileEncoding = 4; lastKnownFileType = sourcecode.swift; path = LevelData.swift; sourceTree = "<group>"; };
		02D4A3001D27092000A319B4 /* level.json */ = {isa = PBXFileReference; fileEncoding = 4; lastKnownFileType = text.json; path = level.json; sourceTree = "<group>"; };
/* End PBXFileReference section */

/* Begin PBXFrameworksBuildPhase section */
		02151E071D25B4670003C4E5 /* Frameworks */ = {
			isa = PBXFrameworksBuildPhase;
			buildActionMask = 2147483647;
			files = (
			);
			runOnlyForDeploymentPostprocessing = 0;
		};
		02151E1F1D25B4670003C4E5 /* Frameworks */ = {
			isa = PBXFrameworksBuildPhase;
			buildActionMask = 2147483647;
			files = (
			);
			runOnlyForDeploymentPostprocessing = 0;
		};
/* End PBXFrameworksBuildPhase section */

/* Begin PBXGroup section */
		02151E011D25B4670003C4E5 = {
			isa = PBXGroup;
			children = (
				02151E0C1D25B4670003C4E5 /* Sokoban */,
				02151E251D25B4670003C4E5 /* SokobanTests */,
				02151E0B1D25B4670003C4E5 /* Products */,
			);
			sourceTree = "<group>";
		};
		02151E0B1D25B4670003C4E5 /* Products */ = {
			isa = PBXGroup;
			children = (
				02151E0A1D25B4670003C4E5 /* Sokoban.app */,
				02151E221D25B4670003C4E5 /* SokobanTests.xctest */,
			);
			name = Products;
			sourceTree = "<group>";
		};
		02151E0C1D25B4670003C4E5 /* Sokoban */ = {
			isa = PBXGroup;
			children = (
				02D4A2FF1D2708DD00A319B4 /* Resources */,
				02D4A3021D27FFF200A319B4 /* Scenes */,
				02151E351D25B62E0003C4E5 /* Views */,
				02151E341D25B6180003C4E5 /* Controllers */,
				02151E321D25B5DC0003C4E5 /* Helpers */,
				0263C4761D298590007636A8 /* Engine */,
				02151E311D25B5D60003C4E5 /* Model */,
				02151E0D1D25B4670003C4E5 /* AppDelegate.swift */,
				02151E151D25B4670003C4E5 /* Main.storyboard */,
				02151E181D25B4670003C4E5 /* Assets.xcassets */,
				02151E1A1D25B4670003C4E5 /* LaunchScreen.storyboard */,
				02151E1D1D25B4670003C4E5 /* Info.plist */,
			);
			path = Sokoban;
			sourceTree = "<group>";
		};
		02151E251D25B4670003C4E5 /* SokobanTests */ = {
			isa = PBXGroup;
			children = (
				02151E261D25B4670003C4E5 /* SokobanTests.swift */,
				02151E281D25B4670003C4E5 /* Info.plist */,
			);
			path = SokobanTests;
			sourceTree = "<group>";
		};
		02151E311D25B5D60003C4E5 /* Model */ = {
			isa = PBXGroup;
			children = (
				02759BAC1D27013200D223C9 /* LevelData.swift */,
				02151E361D25B6B10003C4E5 /* Hero.swift */,
				02759BA21D26E68B00D223C9 /* Board.swift */,
				02759BA81D26E7A700D223C9 /* GridPoint.swift */,
				0263C47A1D2985D4007636A8 /* Direction.swift */,
				0263C47C1D2985F9007636A8 /* GridType.swift */,
				0263C47E1D298612007636A8 /* Field.swift */,
				0263C4801D298624007636A8 /* BoxState.swift */,
			);
			name = Model;
			sourceTree = "<group>";
		};
		02151E321D25B5DC0003C4E5 /* Helpers */ = {
			isa = PBXGroup;
			children = (
				0263C4881D2986D9007636A8 /* Adapters */,
				02151E331D25B5ED0003C4E5 /* Extensions */,
				024B23361D283F5D00C6435E /* PathFinder.swift */,
				0263C4781D2985C0007636A8 /* UndoStack.swift */,
			);
			name = Helpers;
			sourceTree = "<group>";
		};
		02151E331D25B5ED0003C4E5 /* Extensions */ = {
			isa = PBXGroup;
			children = (
				02759BA61D26E6F500D223C9 /* CollectionTypeExtensions.swift */,
			);
			name = Extensions;
			sourceTree = "<group>";
		};
		02151E341D25B6180003C4E5 /* Controllers */ = {
			isa = PBXGroup;
			children = (
				02151E131D25B4670003C4E5 /* GameViewController.swift */,
			);
			name = Controllers;
			sourceTree = "<group>";
		};
		02151E351D25B62E0003C4E5 /* Views */ = {
			isa = PBXGroup;
			children = (
			);
			name = Views;
			sourceTree = "<group>";
		};
		0263C4761D298590007636A8 /* Engine */ = {
			isa = PBXGroup;
			children = (
				0263C4771D2985A4007636A8 /* Actions */,
				02759B9F1D26E63200D223C9 /* Transitions */,
			);
			name = Engine;
			sourceTree = "<group>";
		};
		0263C4771D2985A4007636A8 /* Actions */ = {
			isa = PBXGroup;
			children = (
				02759BA41D26E6A600D223C9 /* Action.swift */,
				0263C4841D29868B007636A8 /* HeroMovementAction.swift */,
				0263C4861D298697007636A8 /* PushBoxAction.swift */,
			);
			name = Actions;
			sourceTree = "<group>";
		};
		0263C4881D2986D9007636A8 /* Adapters */ = {
			isa = PBXGroup;
			children = (
				02759BAA1D26EB2700D223C9 /* Adapter.swift */,
				0263C4891D2986F3007636A8 /* LevelDataToBoardAdapter.swift */,
				0263C48B1D29870B007636A8 /* JSONToLevelDataAdapter.swift */,
				0263C48D1D29873E007636A8 /* BoardToNodeAdapter.swift */,
			);
			name = Adapters;
			sourceTree = "<group>";
		};
		02759B9F1D26E63200D223C9 /* Transitions */ = {
			isa = PBXGroup;
			children = (
				02759BA01D26E64000D223C9 /* Transition.swift */,
				0263C4821D29865D007636A8 /* PushBoxTransition.swift */,
				0263C4721D29853C007636A8 /* TransitionContext.swift */,
				0263C46E1D2984D4007636A8 /* HeroMovementTransition.swift */,
				0263C4701D29850A007636A8 /* BoxStateTransition.swift */,
				0263C4741D29855E007636A8 /* ChainedTransition.swift */,
			);
			name = Transitions;
			sourceTree = "<group>";
		};
		02D4A2FF1D2708DD00A319B4 /* Resources */ = {
			isa = PBXGroup;
			children = (
				02D4A3001D27092000A319B4 /* level.json */,
			);
			name = Resources;
			sourceTree = "<group>";
		};
		02D4A3021D27FFF200A319B4 /* Scenes */ = {
			isa = PBXGroup;
			children = (
				02151E111D25B4670003C4E5 /* GameScene.swift */,
			);
			name = Scenes;
			sourceTree = "<group>";
		};
/* End PBXGroup section */

/* Begin PBXNativeTarget section */
		02151E091D25B4670003C4E5 /* Sokoban */ = {
			isa = PBXNativeTarget;
			buildConfigurationList = 02151E2B1D25B4670003C4E5 /* Build configuration list for PBXNativeTarget "Sokoban" */;
			buildPhases = (
				02151E061D25B4670003C4E5 /* Sources */,
				02151E071D25B4670003C4E5 /* Frameworks */,
				02151E081D25B4670003C4E5 /* Resources */,
			);
			buildRules = (
			);
			dependencies = (
			);
			name = Sokoban;
			productName = Sokoban;
			productReference = 02151E0A1D25B4670003C4E5 /* Sokoban.app */;
			productType = "com.apple.product-type.application";
		};
		02151E211D25B4670003C4E5 /* SokobanTests */ = {
			isa = PBXNativeTarget;
			buildConfigurationList = 02151E2E1D25B4670003C4E5 /* Build configuration list for PBXNativeTarget "SokobanTests" */;
			buildPhases = (
				02151E1E1D25B4670003C4E5 /* Sources */,
				02151E1F1D25B4670003C4E5 /* Frameworks */,
				02151E201D25B4670003C4E5 /* Resources */,
			);
			buildRules = (
			);
			dependencies = (
				02151E241D25B4670003C4E5 /* PBXTargetDependency */,
			);
			name = SokobanTests;
			productName = SokobanTests;
			productReference = 02151E221D25B4670003C4E5 /* SokobanTests.xctest */;
			productType = "com.apple.product-type.bundle.unit-test";
		};
/* End PBXNativeTarget section */

/* Begin PBXProject section */
		02151E021D25B4670003C4E5 /* Project object */ = {
			isa = PBXProject;
			attributes = {
				LastSwiftUpdateCheck = 0730;
				LastUpgradeCheck = 0730;
				ORGANIZATIONNAME = CappSoft;
				TargetAttributes = {
					02151E091D25B4670003C4E5 = {
						CreatedOnToolsVersion = 7.3;
					};
					02151E211D25B4670003C4E5 = {
						CreatedOnToolsVersion = 7.3;
						TestTargetID = 02151E091D25B4670003C4E5;
					};
				};
			};
			buildConfigurationList = 02151E051D25B4670003C4E5 /* Build configuration list for PBXProject "Sokoban" */;
			compatibilityVersion = "Xcode 3.2";
			developmentRegion = English;
			hasScannedForEncodings = 0;
			knownRegions = (
				en,
				Base,
			);
			mainGroup = 02151E011D25B4670003C4E5;
			productRefGroup = 02151E0B1D25B4670003C4E5 /* Products */;
			projectDirPath = "";
			projectRoot = "";
			targets = (
				02151E091D25B4670003C4E5 /* Sokoban */,
				02151E211D25B4670003C4E5 /* SokobanTests */,
			);
		};
/* End PBXProject section */

/* Begin PBXResourcesBuildPhase section */
		02151E081D25B4670003C4E5 /* Resources */ = {
			isa = PBXResourcesBuildPhase;
			buildActionMask = 2147483647;
			files = (
				02151E1C1D25B4670003C4E5 /* LaunchScreen.storyboard in Resources */,
				02151E191D25B4670003C4E5 /* Assets.xcassets in Resources */,
				02D4A3011D27092000A319B4 /* level.json in Resources */,
				02151E171D25B4670003C4E5 /* Main.storyboard in Resources */,
			);
			runOnlyForDeploymentPostprocessing = 0;
		};
		02151E201D25B4670003C4E5 /* Resources */ = {
			isa = PBXResourcesBuildPhase;
			buildActionMask = 2147483647;
			files = (
			);
			runOnlyForDeploymentPostprocessing = 0;
		};
/* End PBXResourcesBuildPhase section */

/* Begin PBXSourcesBuildPhase section */
		02151E061D25B4670003C4E5 /* Sources */ = {
			isa = PBXSourcesBuildPhase;
			buildActionMask = 2147483647;
			files = (
				02759BA91D26E7A700D223C9 /* GridPoint.swift in Sources */,
				02151E121D25B4670003C4E5 /* GameScene.swift in Sources */,
				02759BA11D26E64000D223C9 /* Transition.swift in Sources */,
				02759BAB1D26EB2700D223C9 /* Adapter.swift in Sources */,
				0263C4831D29865D007636A8 /* PushBoxTransition.swift in Sources */,
				0263C4731D29853C007636A8 /* TransitionContext.swift in Sources */,
				02759BA31D26E68B00D223C9 /* Board.swift in Sources */,
				0263C4811D298624007636A8 /* BoxState.swift in Sources */,
				02151E141D25B4670003C4E5 /* GameViewController.swift in Sources */,
				0263C48C1D29870B007636A8 /* JSONToLevelDataAdapter.swift in Sources */,
				02151E0E1D25B4670003C4E5 /* AppDelegate.swift in Sources */,
				02759BAD1D27013200D223C9 /* LevelData.swift in Sources */,
				0263C47D1D2985F9007636A8 /* GridType.swift in Sources */,
				0263C48E1D29873E007636A8 /* BoardToNodeAdapter.swift in Sources */,
				0263C47F1D298612007636A8 /* Field.swift in Sources */,
				0263C4751D29855E007636A8 /* ChainedTransition.swift in Sources */,
				0263C4851D29868B007636A8 /* HeroMovementAction.swift in Sources */,
				0263C4711D29850A007636A8 /* BoxStateTransition.swift in Sources */,
				0263C4791D2985C0007636A8 /* UndoStack.swift in Sources */,
				0263C48A1D2986F3007636A8 /* LevelDataToBoardAdapter.swift in Sources */,
				024B23371D283F5D00C6435E /* PathFinder.swift in Sources */,
				02151E371D25B6B10003C4E5 /* Hero.swift in Sources */,
				02759BA51D26E6A600D223C9 /* Action.swift in Sources */,
				0263C46F1D2984D4007636A8 /* HeroMovementTransition.swift in Sources */,
				0263C4871D298697007636A8 /* PushBoxAction.swift in Sources */,
				02759BA71D26E6F500D223C9 /* CollectionTypeExtensions.swift in Sources */,
				0263C47B1D2985D4007636A8 /* Direction.swift in Sources */,
			);
			runOnlyForDeploymentPostprocessing = 0;
		};
		02151E1E1D25B4670003C4E5 /* Sources */ = {
			isa = PBXSourcesBuildPhase;
			buildActionMask = 2147483647;
			files = (
				02151E271D25B4670003C4E5 /* SokobanTests.swift in Sources */,
			);
			runOnlyForDeploymentPostprocessing = 0;
		};
/* End PBXSourcesBuildPhase section */

/* Begin PBXTargetDependency section */
		02151E241D25B4670003C4E5 /* PBXTargetDependency */ = {
			isa = PBXTargetDependency;
			target = 02151E091D25B4670003C4E5 /* Sokoban */;
			targetProxy = 02151E231D25B4670003C4E5 /* PBXContainerItemProxy */;
		};
/* End PBXTargetDependency section */

/* Begin PBXVariantGroup section */
		02151E151D25B4670003C4E5 /* Main.storyboard */ = {
			isa = PBXVariantGroup;
			children = (
				02151E161D25B4670003C4E5 /* Base */,
			);
			name = Main.storyboard;
			sourceTree = "<group>";
		};
		02151E1A1D25B4670003C4E5 /* LaunchScreen.storyboard */ = {
			isa = PBXVariantGroup;
			children = (
				02151E1B1D25B4670003C4E5 /* Base */,
			);
			name = LaunchScreen.storyboard;
			sourceTree = "<group>";
		};
/* End PBXVariantGroup section */

/* Begin XCBuildConfiguration section */
		02151E291D25B4670003C4E5 /* Debug */ = {
			isa = XCBuildConfiguration;
			buildSettings = {
				ALWAYS_SEARCH_USER_PATHS = NO;
				CLANG_ANALYZER_NONNULL = YES;
				CLANG_CXX_LANGUAGE_STANDARD = "gnu++0x";
				CLANG_CXX_LIBRARY = "libc++";
				CLANG_ENABLE_MODULES = YES;
				CLANG_ENABLE_OBJC_ARC = YES;
				CLANG_WARN_BOOL_CONVERSION = YES;
				CLANG_WARN_CONSTANT_CONVERSION = YES;
				CLANG_WARN_DIRECT_OBJC_ISA_USAGE = YES_ERROR;
				CLANG_WARN_EMPTY_BODY = YES;
				CLANG_WARN_ENUM_CONVERSION = YES;
				CLANG_WARN_INT_CONVERSION = YES;
				CLANG_WARN_OBJC_ROOT_CLASS = YES_ERROR;
				CLANG_WARN_UNREACHABLE_CODE = YES;
				CLANG_WARN__DUPLICATE_METHOD_MATCH = YES;
				"CODE_SIGN_IDENTITY[sdk=iphoneos*]" = "iPhone Developer";
				COPY_PHASE_STRIP = NO;
				DEBUG_INFORMATION_FORMAT = "dwarf-with-dsym";
				ENABLE_STRICT_OBJC_MSGSEND = YES;
				ENABLE_TESTABILITY = YES;
				GCC_C_LANGUAGE_STANDARD = gnu99;
				GCC_DYNAMIC_NO_PIC = NO;
				GCC_NO_COMMON_BLOCKS = YES;
				GCC_OPTIMIZATION_LEVEL = 0;
				GCC_PREPROCESSOR_DEFINITIONS = (
					"DEBUG=1",
					"$(inherited)",
				);
				GCC_WARN_64_TO_32_BIT_CONVERSION = YES;
				GCC_WARN_ABOUT_RETURN_TYPE = YES_ERROR;
				GCC_WARN_UNDECLARED_SELECTOR = YES;
				GCC_WARN_UNINITIALIZED_AUTOS = YES_AGGRESSIVE;
				GCC_WARN_UNUSED_FUNCTION = YES;
				GCC_WARN_UNUSED_VARIABLE = YES;
				IPHONEOS_DEPLOYMENT_TARGET = 9.3;
				MTL_ENABLE_DEBUG_INFO = YES;
				ONLY_ACTIVE_ARCH = YES;
				SDKROOT = iphoneos;
				SWIFT_OPTIMIZATION_LEVEL = "-Onone";
				TARGETED_DEVICE_FAMILY = "1,2";
			};
			name = Debug;
		};
		02151E2A1D25B4670003C4E5 /* Release */ = {
			isa = XCBuildConfiguration;
			buildSettings = {
				ALWAYS_SEARCH_USER_PATHS = NO;
				CLANG_ANALYZER_NONNULL = YES;
				CLANG_CXX_LANGUAGE_STANDARD = "gnu++0x";
				CLANG_CXX_LIBRARY = "libc++";
				CLANG_ENABLE_MODULES = YES;
				CLANG_ENABLE_OBJC_ARC = YES;
				CLANG_WARN_BOOL_CONVERSION = YES;
				CLANG_WARN_CONSTANT_CONVERSION = YES;
				CLANG_WARN_DIRECT_OBJC_ISA_USAGE = YES_ERROR;
				CLANG_WARN_EMPTY_BODY = YES;
				CLANG_WARN_ENUM_CONVERSION = YES;
				CLANG_WARN_INT_CONVERSION = YES;
				CLANG_WARN_OBJC_ROOT_CLASS = YES_ERROR;
				CLANG_WARN_UNREACHABLE_CODE = YES;
				CLANG_WARN__DUPLICATE_METHOD_MATCH = YES;
				"CODE_SIGN_IDENTITY[sdk=iphoneos*]" = "iPhone Developer";
				COPY_PHASE_STRIP = NO;
				DEBUG_INFORMATION_FORMAT = "dwarf-with-dsym";
				ENABLE_NS_ASSERTIONS = NO;
				ENABLE_STRICT_OBJC_MSGSEND = YES;
				GCC_C_LANGUAGE_STANDARD = gnu99;
				GCC_NO_COMMON_BLOCKS = YES;
				GCC_WARN_64_TO_32_BIT_CONVERSION = YES;
				GCC_WARN_ABOUT_RETURN_TYPE = YES_ERROR;
				GCC_WARN_UNDECLARED_SELECTOR = YES;
				GCC_WARN_UNINITIALIZED_AUTOS = YES_AGGRESSIVE;
				GCC_WARN_UNUSED_FUNCTION = YES;
				GCC_WARN_UNUSED_VARIABLE = YES;
				IPHONEOS_DEPLOYMENT_TARGET = 9.3;
				MTL_ENABLE_DEBUG_INFO = NO;
				SDKROOT = iphoneos;
				TARGETED_DEVICE_FAMILY = "1,2";
				VALIDATE_PRODUCT = YES;
			};
			name = Release;
		};
		02151E2C1D25B4670003C4E5 /* Debug */ = {
			isa = XCBuildConfiguration;
			buildSettings = {
				ASSETCATALOG_COMPILER_APPICON_NAME = AppIcon;
				INFOPLIST_FILE = Sokoban/Info.plist;
				LD_RUNPATH_SEARCH_PATHS = "$(inherited) @executable_path/Frameworks";
				PRODUCT_BUNDLE_IDENTIFIER = com.cappsoft.Sokoban;
				PRODUCT_NAME = "$(TARGET_NAME)";
			};
			name = Debug;
		};
		02151E2D1D25B4670003C4E5 /* Release */ = {
			isa = XCBuildConfiguration;
			buildSettings = {
				ASSETCATALOG_COMPILER_APPICON_NAME = AppIcon;
				INFOPLIST_FILE = Sokoban/Info.plist;
				LD_RUNPATH_SEARCH_PATHS = "$(inherited) @executable_path/Frameworks";
				PRODUCT_BUNDLE_IDENTIFIER = com.cappsoft.Sokoban;
				PRODUCT_NAME = "$(TARGET_NAME)";
			};
			name = Release;
		};
		02151E2F1D25B4670003C4E5 /* Debug */ = {
			isa = XCBuildConfiguration;
			buildSettings = {
				BUNDLE_LOADER = "$(TEST_HOST)";
				DEBUG_INFORMATION_FORMAT = dwarf;
				INFOPLIST_FILE = SokobanTests/Info.plist;
				LD_RUNPATH_SEARCH_PATHS = "$(inherited) @executable_path/Frameworks @loader_path/Frameworks";
				PRODUCT_BUNDLE_IDENTIFIER = com.cappsoft.SokobanTests;
				PRODUCT_NAME = "$(TARGET_NAME)";
				TEST_HOST = "$(BUILT_PRODUCTS_DIR)/Sokoban.app/Sokoban";
			};
			name = Debug;
		};
		02151E301D25B4670003C4E5 /* Release */ = {
			isa = XCBuildConfiguration;
			buildSettings = {
				BUNDLE_LOADER = "$(TEST_HOST)";
				INFOPLIST_FILE = SokobanTests/Info.plist;
				LD_RUNPATH_SEARCH_PATHS = "$(inherited) @executable_path/Frameworks @loader_path/Frameworks";
				PRODUCT_BUNDLE_IDENTIFIER = com.cappsoft.SokobanTests;
				PRODUCT_NAME = "$(TARGET_NAME)";
				TEST_HOST = "$(BUILT_PRODUCTS_DIR)/Sokoban.app/Sokoban";
			};
			name = Release;
		};
/* End XCBuildConfiguration section */

/* Begin XCConfigurationList section */
		02151E051D25B4670003C4E5 /* Build configuration list for PBXProject "Sokoban" */ = {
			isa = XCConfigurationList;
			buildConfigurations = (
				02151E291D25B4670003C4E5 /* Debug */,
				02151E2A1D25B4670003C4E5 /* Release */,
			);
			defaultConfigurationIsVisible = 0;
			defaultConfigurationName = Release;
		};
		02151E2B1D25B4670003C4E5 /* Build configuration list for PBXNativeTarget "Sokoban" */ = {
			isa = XCConfigurationList;
			buildConfigurations = (
				02151E2C1D25B4670003C4E5 /* Debug */,
				02151E2D1D25B4670003C4E5 /* Release */,
			);
			defaultConfigurationIsVisible = 0;
			defaultConfigurationName = Release;
		};
		02151E2E1D25B4670003C4E5 /* Build configuration list for PBXNativeTarget "SokobanTests" */ = {
			isa = XCConfigurationList;
			buildConfigurations = (
				02151E2F1D25B4670003C4E5 /* Debug */,
				02151E301D25B4670003C4E5 /* Release */,
			);
			defaultConfigurationIsVisible = 0;
			defaultConfigurationName = Release;
		};
/* End XCConfigurationList section */
	};
	rootObject = 02151E021D25B4670003C4E5 /* Project object */;
}
